// !$*UTF8*$!
{
	archiveVersion = 1;
	classes = {
	};
	objectVersion = 46;
	objects = {

/* Begin PBXBuildFile section */
		6D3B7EA71C7855B50083E4BD /* AppDelegate.swift in Sources */ = {isa = PBXBuildFile; fileRef = 6D3B7EA61C7855B50083E4BD /* AppDelegate.swift */; };
		6D3B7EA91C7855B50083E4BD /* ViewController.swift in Sources */ = {isa = PBXBuildFile; fileRef = 6D3B7EA81C7855B50083E4BD /* ViewController.swift */; };
		6D3B7EAC1C7855B50083E4BD /* Main.storyboard in Resources */ = {isa = PBXBuildFile; fileRef = 6D3B7EAA1C7855B50083E4BD /* Main.storyboard */; };
		6D3B7EAE1C7855B50083E4BD /* Assets.xcassets in Resources */ = {isa = PBXBuildFile; fileRef = 6D3B7EAD1C7855B50083E4BD /* Assets.xcassets */; };
		6D3B7EB11C7855B50083E4BD /* LaunchScreen.storyboard in Resources */ = {isa = PBXBuildFile; fileRef = 6D3B7EAF1C7855B50083E4BD /* LaunchScreen.storyboard */; };
		6D3B7EB91C7855FB0083E4BD /* PeekPopRecogonizer.swift in Sources */ = {isa = PBXBuildFile; fileRef = 6D3B7EB81C7855FB0083E4BD /* PeekPopRecogonizer.swift */; };
		6D3B7EBB1C79278A0083E4BD /* AnotherViewController.swift in Sources */ = {isa = PBXBuildFile; fileRef = 6D3B7EBA1C79278A0083E4BD /* AnotherViewController.swift */; };
/* End PBXBuildFile section */

/* Begin PBXFileReference section */
		6D3B7EA31C7855B50083E4BD /* VAPeekPopGestureRecogonizer.app */ = {isa = PBXFileReference; explicitFileType = wrapper.application; includeInIndex = 0; path = VAPeekPopGestureRecogonizer.app; sourceTree = BUILT_PRODUCTS_DIR; };
		6D3B7EA61C7855B50083E4BD /* AppDelegate.swift */ = {isa = PBXFileReference; lastKnownFileType = sourcecode.swift; path = AppDelegate.swift; sourceTree = "<group>"; };
		6D3B7EA81C7855B50083E4BD /* ViewController.swift */ = {isa = PBXFileReference; lastKnownFileType = sourcecode.swift; path = ViewController.swift; sourceTree = "<group>"; };
		6D3B7EAB1C7855B50083E4BD /* Base */ = {isa = PBXFileReference; lastKnownFileType = file.storyboard; name = Base; path = Base.lproj/Main.storyboard; sourceTree = "<group>"; };
		6D3B7EAD1C7855B50083E4BD /* Assets.xcassets */ = {isa = PBXFileReference; lastKnownFileType = folder.assetcatalog; path = Assets.xcassets; sourceTree = "<group>"; };
		6D3B7EB01C7855B50083E4BD /* Base */ = {isa = PBXFileReference; lastKnownFileType = file.storyboard; name = Base; path = Base.lproj/LaunchScreen.storyboard; sourceTree = "<group>"; };
		6D3B7EB21C7855B50083E4BD /* Info.plist */ = {isa = PBXFileReference; lastKnownFileType = text.plist.xml; path = Info.plist; sourceTree = "<group>"; };
		6D3B7EB81C7855FB0083E4BD /* PeekPopRecogonizer.swift */ = {isa = PBXFileReference; fileEncoding = 4; lastKnownFileType = sourcecode.swift; path = PeekPopRecogonizer.swift; sourceTree = "<group>"; };
		6D3B7EBA1C79278A0083E4BD /* AnotherViewController.swift */ = {isa = PBXFileReference; fileEncoding = 4; lastKnownFileType = sourcecode.swift; path = AnotherViewController.swift; sourceTree = "<group>"; };
/* End PBXFileReference section */

/* Begin PBXFrameworksBuildPhase section */
		6D3B7EA01C7855B50083E4BD /* Frameworks */ = {
			isa = PBXFrameworksBuildPhase;
			buildActionMask = 2147483647;
			files = (
			);
			runOnlyForDeploymentPostprocessing = 0;
		};
/* End PBXFrameworksBuildPhase section */

/* Begin PBXGroup section */
		6D3B7E9A1C7855B50083E4BD = {
			isa = PBXGroup;
			children = (
				6D3B7EA51C7855B50083E4BD /* VAPeekPopGestureRecogonizer */,
				6D3B7EA41C7855B50083E4BD /* Products */,
			);
			sourceTree = "<group>";
		};
		6D3B7EA41C7855B50083E4BD /* Products */ = {
			isa = PBXGroup;
			children = (
				6D3B7EA31C7855B50083E4BD /* VAPeekPopGestureRecogonizer.app */,
			);
			name = Products;
			sourceTree = "<group>";
		};
		6D3B7EA51C7855B50083E4BD /* VAPeekPopGestureRecogonizer */ = {
			isa = PBXGroup;
			children = (
				6D3B7EBC1C799F920083E4BD /* PeekPopRecogonizer */,
				6D3B7EA61C7855B50083E4BD /* AppDelegate.swift */,
				6D3B7EA81C7855B50083E4BD /* ViewController.swift */,
				6D3B7EBA1C79278A0083E4BD /* AnotherViewController.swift */,
				6D3B7EAA1C7855B50083E4BD /* Main.storyboard */,
				6D3B7EAD1C7855B50083E4BD /* Assets.xcassets */,
				6D3B7EAF1C7855B50083E4BD /* LaunchScreen.storyboard */,
				6D3B7EB21C7855B50083E4BD /* Info.plist */,
			);
			path = VAPeekPopGestureRecogonizer;
			sourceTree = "<group>";
		};
		6D3B7EBC1C799F920083E4BD /* PeekPopRecogonizer */ = {
			isa = PBXGroup;
			children = (
				6D3B7EB81C7855FB0083E4BD /* PeekPopRecogonizer.swift */,
			);
			name = PeekPopRecogonizer;
			sourceTree = "<group>";
		};
/* End PBXGroup section */

/* Begin PBXNativeTarget section */
		6D3B7EA21C7855B50083E4BD /* VAPeekPopGestureRecogonizer */ = {
			isa = PBXNativeTarget;
			buildConfigurationList = 6D3B7EB51C7855B50083E4BD /* Build configuration list for PBXNativeTarget "VAPeekPopGestureRecogonizer" */;
			buildPhases = (
				6D3B7E9F1C7855B50083E4BD /* Sources */,
				6D3B7EA01C7855B50083E4BD /* Frameworks */,
				6D3B7EA11C7855B50083E4BD /* Resources */,
			);
			buildRules = (
			);
			dependencies = (
			);
			name = VAPeekPopGestureRecogonizer;
			productName = VAPeekPopGestureRecogonizer;
			productReference = 6D3B7EA31C7855B50083E4BD /* VAPeekPopGestureRecogonizer.app */;
			productType = "com.apple.product-type.application";
		};
/* End PBXNativeTarget section */

/* Begin PBXProject section */
		6D3B7E9B1C7855B50083E4BD /* Project object */ = {
			isa = PBXProject;
			attributes = {
				LastSwiftUpdateCheck = 0720;
				LastUpgradeCheck = 0720;
				ORGANIZATIONNAME = "Vaibhav Aggarwal";
				TargetAttributes = {
					6D3B7EA21C7855B50083E4BD = {
						CreatedOnToolsVersion = 7.2;
					};
				};
			};
			buildConfigurationList = 6D3B7E9E1C7855B50083E4BD /* Build configuration list for PBXProject "VAPeekPopGestureRecogonizer" */;
			compatibilityVersion = "Xcode 3.2";
			developmentRegion = English;
			hasScannedForEncodings = 0;
			knownRegions = (
				en,
				Base,
			);
			mainGroup = 6D3B7E9A1C7855B50083E4BD;
			productRefGroup = 6D3B7EA41C7855B50083E4BD /* Products */;
			projectDirPath = "";
			projectRoot = "";
			targets = (
				6D3B7EA21C7855B50083E4BD /* VAPeekPopGestureRecogonizer */,
			);
		};
/* End PBXProject section */

/* Begin PBXResourcesBuildPhase section */
		6D3B7EA11C7855B50083E4BD /* Resources */ = {
			isa = PBXResourcesBuildPhase;
			buildActionMask = 2147483647;
			files = (
				6D3B7EB11C7855B50083E4BD /* LaunchScreen.storyboard in Resources */,
				6D3B7EAE1C7855B50083E4BD /* Assets.xcassets in Resources */,
				6D3B7EAC1C7855B50083E4BD /* Main.storyboard in Resources */,
			);
			runOnlyForDeploymentPostprocessing = 0;
		};
/* End PBXResourcesBuildPhase section */

/* Begin PBXSourcesBuildPhase section */
		6D3B7E9F1C7855B50083E4BD /* Sources */ = {
			isa = PBXSourcesBuildPhase;
			buildActionMask = 2147483647;
			files = (
				6D3B7EA91C7855B50083E4BD /* ViewController.swift in Sources */,
				6D3B7EA71C7855B50083E4BD /* AppDelegate.swift in Sources */,
				6D3B7EBB1C79278A0083E4BD /* AnotherViewController.swift in Sources */,
				6D3B7EB91C7855FB0083E4BD /* PeekPopRecogonizer.swift in Sources */,
			);
			runOnlyForDeploymentPostprocessing = 0;
		};
/* End PBXSourcesBuildPhase section */

/* Begin PBXVariantGroup section */
		6D3B7EAA1C7855B50083E4BD /* Main.storyboard */ = {
			isa = PBXVariantGroup;
			children = (
				6D3B7EAB1C7855B50083E4BD /* Base */,
			);
			name = Main.storyboard;
			sourceTree = "<group>";
		};
		6D3B7EAF1C7855B50083E4BD /* LaunchScreen.storyboard */ = {
			isa = PBXVariantGroup;
			children = (
				6D3B7EB01C7855B50083E4BD /* Base */,
			);
			name = LaunchScreen.storyboard;
			sourceTree = "<group>";
		};
/* End PBXVariantGroup section */

/* Begin XCBuildConfiguration section */
		6D3B7EB31C7855B50083E4BD /* Debug */ = {
			isa = XCBuildConfiguration;
			buildSettings = {
				ALWAYS_SEARCH_USER_PATHS = NO;
				CLANG_CXX_LANGUAGE_STANDARD = "gnu++0x";
				CLANG_CXX_LIBRARY = "libc++";
				CLANG_ENABLE_MODULES = YES;
				CLANG_ENABLE_OBJC_ARC = YES;
				CLANG_WARN_BOOL_CONVERSION = YES;
				CLANG_WARN_CONSTANT_CONVERSION = YES;
				CLANG_WARN_DIRECT_OBJC_ISA_USAGE = YES_ERROR;
				CLANG_WARN_EMPTY_BODY = YES;
				CLANG_WARN_ENUM_CONVERSION = YES;
				CLANG_WARN_INT_CONVERSION = YES;
				CLANG_WARN_OBJC_ROOT_CLASS = YES_ERROR;
				CLANG_WARN_UNREACHABLE_CODE = YES;
				CLANG_WARN__DUPLICATE_METHOD_MATCH = YES;
				"CODE_SIGN_IDENTITY[sdk=iphoneos*]" = "iPhone Developer";
				COPY_PHASE_STRIP = NO;
				DEBUG_INFORMATION_FORMAT = dwarf;
				ENABLE_STRICT_OBJC_MSGSEND = YES;
				ENABLE_TESTABILITY = YES;
				GCC_C_LANGUAGE_STANDARD = gnu99;
				GCC_DYNAMIC_NO_PIC = NO;
				GCC_NO_COMMON_BLOCKS = YES;
				GCC_OPTIMIZATION_LEVEL = 0;
				GCC_PREPROCESSOR_DEFINITIONS = (
					"DEBUG=1",
					"$(inherited)",
				);
				GCC_WARN_64_TO_32_BIT_CONVERSION = YES;
				GCC_WARN_ABOUT_RETURN_TYPE = YES_ERROR;
				GCC_WARN_UNDECLARED_SELECTOR = YES;
				GCC_WARN_UNINITIALIZED_AUTOS = YES_AGGRESSIVE;
				GCC_WARN_UNUSED_FUNCTION = YES;
				GCC_WARN_UNUSED_VARIABLE = YES;
				IPHONEOS_DEPLOYMENT_TARGET = 9.2;
				MTL_ENABLE_DEBUG_INFO = YES;
				ONLY_ACTIVE_ARCH = YES;
				SDKROOT = iphoneos;
				SWIFT_OPTIMIZATION_LEVEL = "-Onone";
				TARGETED_DEVICE_FAMILY = "1,2";
			};
			name = Debug;
		};
		6D3B7EB41C7855B50083E4BD /* Release */ = {
			isa = XCBuildConfiguration;
			buildSettings = {
				ALWAYS_SEARCH_USER_PATHS = NO;
				CLANG_CXX_LANGUAGE_STANDARD = "gnu++0x";
				CLANG_CXX_LIBRARY = "libc++";
				CLANG_ENABLE_MODULES = YES;
				CLANG_ENABLE_OBJC_ARC = YES;
				CLANG_WARN_BOOL_CONVERSION = YES;
				CLANG_WARN_CONSTANT_CONVERSION = YES;
				CLANG_WARN_DIRECT_OBJC_ISA_USAGE = YES_ERROR;
				CLANG_WARN_EMPTY_BODY = YES;
				CLANG_WARN_ENUM_CONVERSION = YES;
				CLANG_WARN_INT_CONVERSION = YES;
				CLANG_WARN_OBJC_ROOT_CLASS = YES_ERROR;
				CLANG_WARN_UNREACHABLE_CODE = YES;
				CLANG_WARN__DUPLICATE_METHOD_MATCH = YES;
				"CODE_SIGN_IDENTITY[sdk=iphoneos*]" = "iPhone Developer";
				COPY_PHASE_STRIP = NO;
				DEBUG_INFORMATION_FORMAT = "dwarf-with-dsym";
				ENABLE_NS_ASSERTIONS = NO;
				ENABLE_STRICT_OBJC_MSGSEND = YES;
				GCC_C_LANGUAGE_STANDARD = gnu99;
				GCC_NO_COMMON_BLOCKS = YES;
				GCC_WARN_64_TO_32_BIT_CONVERSION = YES;
				GCC_WARN_ABOUT_RETURN_TYPE = YES_ERROR;
				GCC_WARN_UNDECLARED_SELECTOR = YES;
				GCC_WARN_UNINITIALIZED_AUTOS = YES_AGGRESSIVE;
				GCC_WARN_UNUSED_FUNCTION = YES;
				GCC_WARN_UNUSED_VARIABLE = YES;
				IPHONEOS_DEPLOYMENT_TARGET = 9.2;
				MTL_ENABLE_DEBUG_INFO = NO;
				SDKROOT = iphoneos;
				TARGETED_DEVICE_FAMILY = "1,2";
				VALIDATE_PRODUCT = YES;
			};
			name = Release;
		};
		6D3B7EB61C7855B50083E4BD /* Debug */ = {
			isa = XCBuildConfiguration;
			buildSettings = {
				ASSETCATALOG_COMPILER_APPICON_NAME = AppIcon;
				INFOPLIST_FILE = VAPeekPopGestureRecogonizer/Info.plist;
				LD_RUNPATH_SEARCH_PATHS = "$(inherited) @executable_path/Frameworks";
				PRODUCT_BUNDLE_IDENTIFIER = com.vaibhav.VAPeekPopGestureRecogonizer;
				PRODUCT_NAME = "$(TARGET_NAME)";
			};
			name = Debug;
		};
		6D3B7EB71C7855B50083E4BD /* Release */ = {
			isa = XCBuildConfiguration;
			buildSettings = {
				ASSETCATALOG_COMPILER_APPICON_NAME = AppIcon;
				INFOPLIST_FILE = VAPeekPopGestureRecogonizer/Info.plist;
				LD_RUNPATH_SEARCH_PATHS = "$(inherited) @executable_path/Frameworks";
				PRODUCT_BUNDLE_IDENTIFIER = com.vaibhav.VAPeekPopGestureRecogonizer;
				PRODUCT_NAME = "$(TARGET_NAME)";
			};
			name = Release;
		};
/* End XCBuildConfiguration section */

/* Begin XCConfigurationList section */
		6D3B7E9E1C7855B50083E4BD /* Build configuration list for PBXProject "VAPeekPopGestureRecogonizer" */ = {
			isa = XCConfigurationList;
			buildConfigurations = (
				6D3B7EB31C7855B50083E4BD /* Debug */,
				6D3B7EB41C7855B50083E4BD /* Release */,
			);
			defaultConfigurationIsVisible = 0;
			defaultConfigurationName = Release;
		};
		6D3B7EB51C7855B50083E4BD /* Build configuration list for PBXNativeTarget "VAPeekPopGestureRecogonizer" */ = {
			isa = XCConfigurationList;
			buildConfigurations = (
				6D3B7EB61C7855B50083E4BD /* Debug */,
				6D3B7EB71C7855B50083E4BD /* Release */,
			);
			defaultConfigurationIsVisible = 0;
		};
/* End XCConfigurationList section */
	};
	rootObject = 6D3B7E9B1C7855B50083E4BD /* Project object */;
}
